<Solution>
  <Folder Name="/src/">
    <Project Path="src/PriceFinderAI.Application/PriceFinderAI.Application.csproj" />
    <Project Path="src/PriceFinderAI.Console/PriceFinderAI.Console.csproj" />
    <Project Path="src/PriceFinderAI.Core/PriceFinderAI.Core.csproj" />
    <Project Path="src/PriceFinderAI.Infrastructure/PriceFinderAI.Infrastructure.csproj" />
  </Folder>
  <Folder Name="/tests/">
    <Project Path="tests/PriceFinderAI.Tests/PriceFinderAI.Tests.csproj" />
  </Folder>
</Solution>
